
Microsoft Visual Studio Solution File, Format Version 12.00
# Visual Studio Version 17
VisualStudioVersion = 17.0.31919.166
MinimumVisualStudioVersion = 10.0.40219.1
Project("{9A19103F-16F7-4668-BE54-9A1E7A4F7556}") = "GoTools.LanguageParser", "GoTools.LanguageParser\GoTools.LanguageParser.csproj", "{5A17A9BF-4074-4987-837D-E219C8C8C4A6}"
EndProject
Project("{FAE04EC0-301F-11D3-BF4B-00C04F79EFBC}") = "GoTools.CodeGeneration", "GoTools.CodeGeneration\GoTools.CodeGeneration.csproj", "{8500C8C9-59E9-44DF-B36C-3F4C5C30C74C}"
EndProject
Project("{FAE04EC0-301F-11D3-BF4B-00C04F79EFBC}") = "GoTools.LanguageParser.Tests", "GoTools.LanguageParser.Tests\GoTools.LanguageParser.Tests.csproj", "{194C37E3-F8C9-4978-8591-DA921A17EEDE}"
EndProject
Global
	GlobalSection(SolutionConfigurationPlatforms) = preSolution
		Debug|Any CPU = Debug|Any CPU
		Release|Any CPU = Release|Any CPU
	EndGlobalSection
	GlobalSection(ProjectConfigurationPlatforms) = postSolution
		{5A17A9BF-4074-4987-837D-E219C8C8C4A6}.Debug|Any CPU.ActiveCfg = Debug|Any CPU
		{5A17A9BF-4074-4987-837D-E219C8C8C4A6}.Debug|Any CPU.Build.0 = Debug|Any CPU
		{5A17A9BF-4074-4987-837D-E219C8C8C4A6}.Release|Any CPU.ActiveCfg = Release|Any CPU
		{5A17A9BF-4074-4987-837D-E219C8C8C4A6}.Release|Any CPU.Build.0 = Release|Any CPU
		{8500C8C9-59E9-44DF-B36C-3F4C5C30C74C}.Debug|Any CPU.ActiveCfg = Debug|Any CPU
		{8500C8C9-59E9-44DF-B36C-3F4C5C30C74C}.Debug|Any CPU.Build.0 = Debug|Any CPU
		{8500C8C9-59E9-44DF-B36C-3F4C5C30C74C}.Release|Any CPU.ActiveCfg = Release|Any CPU
		{8500C8C9-59E9-44DF-B36C-3F4C5C30C74C}.Release|Any CPU.Build.0 = Release|Any CPU
		{194C37E3-F8C9-4978-8591-DA921A17EEDE}.Debug|Any CPU.ActiveCfg = Debug|Any CPU
		{194C37E3-F8C9-4978-8591-DA921A17EEDE}.Debug|Any CPU.Build.0 = Debug|Any CPU
		{194C37E3-F8C9-4978-8591-DA921A17EEDE}.Release|Any CPU.ActiveCfg = Release|Any CPU
		{194C37E3-F8C9-4978-8591-DA921A17EEDE}.Release|Any CPU.Build.0 = Release|Any CPU
	EndGlobalSection
	GlobalSection(SolutionProperties) = preSolution
		HideSolutionNode = FALSE
	EndGlobalSection
	GlobalSection(ExtensibilityGlobals) = postSolution
		SolutionGuid = {0FEAE7BD-069D-4F2F-AC31-1FE7AEE2A097}
	EndGlobalSection
EndGlobal
